
Microsoft Visual Studio Solution File, Format Version 12.00
# Visual Studio Version 17
VisualStudioVersion = 17.0.31903.59
MinimumVisualStudioVersion = 10.0.40219.1
Project("{2150E333-8FDC-42A3-9474-1A3956D46DE8}") = "source", "source", "{8FC46C4A-3C0C-458F-ACF5-F35F728A2988}"
EndProject
Project("{9A19103F-16F7-4668-BE54-9A1E7A4F7556}") = "TransactionalBox", "source\TransactionalBox\TransactionalBox.csproj", "{A736B4E9-B86A-4654-9525-4A4B2889E70F}"
EndProject
Project("{2150E333-8FDC-42A3-9474-1A3956D46DE8}") = "tests", "tests", "{6DEFBC37-33F1-4E42-9A7E-2752E9AD3187}"
EndProject
Project("{9A19103F-16F7-4668-BE54-9A1E7A4F7556}") = "TransactionalBox.UnitTests", "tests\TransactionalBox.UnitTests\TransactionalBox.UnitTests.csproj", "{EB3E6211-3118-4D11-B108-F8508A0CD052}"
EndProject
Project("{9A19103F-16F7-4668-BE54-9A1E7A4F7556}") = "TransactionalBox.Outbox", "source\TransactionalBox.Outbox\TransactionalBox.Outbox.csproj", "{F86E46C4-F478-4B05-A187-2641AD14BF3A}"
EndProject
Project("{2150E333-8FDC-42A3-9474-1A3956D46DE8}") = "samples", "samples", "{D018E603-5AE9-4B1B-BF33-04EB0B5D6913}"
EndProject
Project("{9A19103F-16F7-4668-BE54-9A1E7A4F7556}") = "TransactionalBox.Sample.WebApi", "samples\TransactionalBox.Sample.WebApi\TransactionalBox.Sample.WebApi.csproj", "{0F2366C8-A646-4714-A884-3DE04348B45F}"
EndProject
Project("{9A19103F-16F7-4668-BE54-9A1E7A4F7556}") = "TransactionalBox.Outbox.UnitTests", "tests\TransactionalBox.Outbox.UnitTests\TransactionalBox.Outbox.UnitTests.csproj", "{7934A882-94D0-4A2A-8965-D7CDE3808F8A}"
EndProject
Project("{9A19103F-16F7-4668-BE54-9A1E7A4F7556}") = "TransactionalBox.OutboxWorker", "source\TransactionalBox.OutboxWorker\TransactionalBox.OutboxWorker.csproj", "{289E2039-7A1E-48AE-AFB1-D8988C939C20}"
EndProject
Project("{9A19103F-16F7-4668-BE54-9A1E7A4F7556}") = "TransactionalBox.InboxWorker", "source\TransactionalBox.InboxWorker\TransactionalBox.InboxWorker.csproj", "{B04A8F8F-4673-4C45-93E7-67BDE2E1AB96}"
EndProject
Project("{9A19103F-16F7-4668-BE54-9A1E7A4F7556}") = "TransactionalBox.Inbox", "source\TransactionalBox.Inbox\TransactionalBox.Inbox.csproj", "{97CAB206-CFFE-4238-8750-339CDF4E40F8}"
EndProject
Project("{9A19103F-16F7-4668-BE54-9A1E7A4F7556}") = "TransactionalBox.DistributedLock", "source\TransactionalBox.DistributedLock\TransactionalBox.DistributedLock.csproj", "{7A06BFDC-C820-4CDD-9EBD-4DD04AF99673}"
EndProject
Project("{9A19103F-16F7-4668-BE54-9A1E7A4F7556}") = "TransactionalBox.DistributedLock.EntityFramework", "source\TransactionalBox.DistributedLock.EntityFramework\TransactionalBox.DistributedLock.EntityFramework.csproj", "{1211DA14-5BCD-412F-84F1-5524FDC0BC18}"
EndProject
Project("{9A19103F-16F7-4668-BE54-9A1E7A4F7556}") = "TransactionalBox.Sample.OutboxWithWorker", "samples\TransactionalBox.Sample.OutboxWithWorker\TransactionalBox.Sample.OutboxWithWorker.csproj", "{A59D7F0D-0631-438B-B022-56ACBD640E01}"
EndProject
Project("{9A19103F-16F7-4668-BE54-9A1E7A4F7556}") = "TransactionalBox.Sample.InboxWithWorker", "samples\TransactionalBox.Sample.InboxWithWorker\TransactionalBox.Sample.InboxWithWorker.csproj", "{26ECF009-798E-4AEA-B8B1-E11FEED33FB0}"
EndProject
Project("{E53339B2-1760-4266-BCC7-CA923CBCF16C}") = "TransactionalBoxWithWorkers", "samples\TransactionalBoxWithWorkers.dcproj", "{D89EDC24-3316-4A91-8442-6D1ABAFEDEBF}"
EndProject
Project("{9A19103F-16F7-4668-BE54-9A1E7A4F7556}") = "TransactionalBox.OutboxWorker.Transport.Kafka", "source\TransactionalBox.OutboxWorker.Transport.Kafka\TransactionalBox.OutboxWorker.Transport.Kafka.csproj", "{0A6FE35D-DBA1-4E42-A7C4-7A41697BE1C9}"
EndProject
Project("{9A19103F-16F7-4668-BE54-9A1E7A4F7556}") = "TransactionalBox.OutboxWorker.Transport.InMemory", "source\TransactionalBox.OutboxWorker.Transport.InMemory\TransactionalBox.OutboxWorker.Transport.InMemory.csproj", "{91AFF9A3-BA61-4616-B416-D3EE5275368C}"
EndProject
Project("{9A19103F-16F7-4668-BE54-9A1E7A4F7556}") = "TransactionalBox.InboxWorker.Transport.Kafka", "source\TransactionalBox.InboxWorker.Transport.Kafka\TransactionalBox.InboxWorker.Transport.Kafka.csproj", "{471BE3CE-2A25-4D1F-A52D-48F495D47AAF}"
EndProject
Project("{9A19103F-16F7-4668-BE54-9A1E7A4F7556}") = "TransactionalBox.InboxWorker.Transport.InMemory", "source\TransactionalBox.InboxWorker.Transport.InMemory\TransactionalBox.InboxWorker.Transport.InMemory.csproj", "{76415A5A-6253-4DAB-B12B-D81C5439726E}"
EndProject
Project("{9A19103F-16F7-4668-BE54-9A1E7A4F7556}") = "TransactionalBox.OutboxWorker.Compression.Brotli", "source\TransactionalBox.OutboxWorker.Compression.Brotli\TransactionalBox.OutboxWorker.Compression.Brotli.csproj", "{C4E7ABF3-1F6E-4F79-8C06-3FAA3459A42C}"
EndProject
Project("{9A19103F-16F7-4668-BE54-9A1E7A4F7556}") = "TransactionalBox.OutboxWorker.Compression.GZip", "source\TransactionalBox.OutboxWorker.Compression.GZip\TransactionalBox.OutboxWorker.Compression.GZip.csproj", "{F8910D3E-7FA1-4AFB-AC26-E7FD3DC318F6}"
EndProject
Project("{9A19103F-16F7-4668-BE54-9A1E7A4F7556}") = "TransactionalBox.OutboxWorker.Compression.CustomCompression", "source\TransactionalBox.OutboxWorker.Compression.CustomCompression\TransactionalBox.OutboxWorker.Compression.CustomCompression.csproj", "{2C74C098-E561-41CB-8D76-0E0563546D1C}"
EndProject
Project("{9A19103F-16F7-4668-BE54-9A1E7A4F7556}") = "TransactionalBox.Outbox.Storage.EntityFramework", "source\TransactionalBox.Outbox.Storage.EntityFramework\TransactionalBox.Outbox.Storage.EntityFramework.csproj", "{EB71D5CF-376B-4FC4-B4C7-6878B55E2704}"
EndProject
Project("{9A19103F-16F7-4668-BE54-9A1E7A4F7556}") = "TransactionalBox.OutboxWorker.Storage.EntityFramework", "source\TransactionalBox.OutboxWorker.Storage.EntityFramework\TransactionalBox.OutboxWorker.Storage.EntityFramework.csproj", "{E5D7930D-A74A-40F4-829E-5917DF4861F7}"
EndProject
Project("{9A19103F-16F7-4668-BE54-9A1E7A4F7556}") = "TransactionalBox.Inbox.Storage.EntityFramework", "source\TransactionalBox.Inbox.Storage.EntityFramework\TransactionalBox.Inbox.Storage.EntityFramework.csproj", "{26B38DB2-902E-4294-9D05-469A8AF701DA}"
EndProject
Project("{9A19103F-16F7-4668-BE54-9A1E7A4F7556}") = "TransactionalBox.Base.Outbox.Storage.InMemory", "source\TransactionalBox.Base.Outbox.Storage.InMemory\TransactionalBox.Base.Outbox.Storage.InMemory.csproj", "{AAA940A5-952E-49CA-B5C7-49F885E9FA9A}"
EndProject
Project("{9A19103F-16F7-4668-BE54-9A1E7A4F7556}") = "TransactionalBox.Base.Inbox.Storage.InMemory", "source\TransactionalBox.Base.Inbox.Storage.InMemory\TransactionalBox.Base.Inbox.Storage.InMemory.csproj", "{54EB96AD-DF58-44D5-8BAA-D09D7430F191}"
EndProject
Project("{9A19103F-16F7-4668-BE54-9A1E7A4F7556}") = "TransactionalBox.Outbox.Storage.InMemory", "source\TransactionalBox.Outbox.Storage.InMemory\TransactionalBox.Outbox.Storage.InMemory.csproj", "{78C27B51-23A3-4937-8020-D48177006E12}"
EndProject
Project("{9A19103F-16F7-4668-BE54-9A1E7A4F7556}") = "TransactionalBox.OutboxWorker.Storage.InMemory", "source\TransactionalBox.OutboxWorker.Storage.InMemory\TransactionalBox.OutboxWorker.Storage.InMemory.csproj", "{F1A53222-8BB9-45A7-8DC6-3050E1908C87}"
EndProject
Project("{9A19103F-16F7-4668-BE54-9A1E7A4F7556}") = "TransactionalBox.Inbox.Storage.InMemory", "source\TransactionalBox.Inbox.Storage.InMemory\TransactionalBox.Inbox.Storage.InMemory.csproj", "{1BF21145-4651-40BD-897A-0CDFB2913FA6}"
EndProject
Project("{9A19103F-16F7-4668-BE54-9A1E7A4F7556}") = "TransactionalBox.Sample.WebApi.InMemory", "samples\TransactionalBox.Sample.WebApi.InMemory\TransactionalBox.Sample.WebApi.InMemory.csproj", "{5C2EB157-F976-42F9-8B26-42A50898714C}"
EndProject
Project("{9A19103F-16F7-4668-BE54-9A1E7A4F7556}") = "TransactionalBox.Base.Transport.InMemory", "source\TransactionalBox.Base.Transport.InMemory\TransactionalBox.Base.Transport.InMemory.csproj", "{E1275999-220F-489C-8536-002E02FFE10B}"
EndProject
Project("{9A19103F-16F7-4668-BE54-9A1E7A4F7556}") = "TransactionalBox.Base.Outbox.DependencyBuilder", "source\TransactionalBox.Base.Outbox.DependencyBuilder\TransactionalBox.Base.Outbox.DependencyBuilder.csproj", "{C5CFB823-C390-47DD-B71A-2FF5104DBEDA}"
EndProject
Project("{9A19103F-16F7-4668-BE54-9A1E7A4F7556}") = "TransactionalBox.Base.Outbox.StorageModel", "source\TransactionalBox.Base.Outbox.StorageModel\TransactionalBox.Base.Outbox.StorageModel.csproj", "{AAC2397B-EAC1-439A-8A18-1883871794BF}"
EndProject
Project("{9A19103F-16F7-4668-BE54-9A1E7A4F7556}") = "TransactionalBox.Base.Outbox.StorageModel.EntityFramework", "source\TransactionalBox.Base.Outbox.StorageModel.EntityFramework\TransactionalBox.Base.Outbox.StorageModel.EntityFramework.csproj", "{6D508C6F-0721-4C1A-A599-8E83465DF684}"
EndProject
Project("{9A19103F-16F7-4668-BE54-9A1E7A4F7556}") = "TransactionalBox.Base.Inbox.DependencyBuilder", "source\TransactionalBox.Base.Inbox.DependencyBuilder\TransactionalBox.Base.Inbox.DependencyBuilder.csproj", "{73270D4C-2813-4BB2-8851-D8BDDA7DFAC4}"
EndProject
Project("{9A19103F-16F7-4668-BE54-9A1E7A4F7556}") = "TransactionalBox.Base.BackgroundService", "source\TransactionalBox.Base.BackgroundService\TransactionalBox.Base.BackgroundService.csproj", "{8AD071DF-96DB-4D36-AC14-1E1549C8CDD8}"
EndProject
Project("{9A19103F-16F7-4668-BE54-9A1E7A4F7556}") = "TransactionalBox.Base.Inbox.StorageModel", "source\TransactionalBox.Base.Inbox.StorageModel\TransactionalBox.Base.Inbox.StorageModel.csproj", "{AD04518F-BF61-4D99-BBD4-DE26E8B63322}"
EndProject
Project("{9A19103F-16F7-4668-BE54-9A1E7A4F7556}") = "TransactionalBox.Base.Inbox.StorageModel.EntityFramework", "source\TransactionalBox.Base.Inbox.StorageModel.EntityFramework\TransactionalBox.Base.Inbox.StorageModel.EntityFramework.csproj", "{E571BCAB-F17F-427A-BD3B-BBB4DD87D3F7}"
EndProject
Project("{9A19103F-16F7-4668-BE54-9A1E7A4F7556}") = "TransactionalBox.Outbox.Serialization.CustomSerializer", "source\TransactionalBox.Outbox.Serialization.CustomSerializer\TransactionalBox.Outbox.Serialization.CustomSerializer.csproj", "{8112E3E8-184F-4694-9A75-609DAC06BCF5}"
EndProject
Project("{9A19103F-16F7-4668-BE54-9A1E7A4F7556}") = "TransactionalBox.Inbox.Deserialization.CustomDeserializer", "source\TransactionalBox.Inbox.Deserialization.CustomDeserializer\TransactionalBox.Inbox.Deserialization.CustomDeserializer.csproj", "{6FFF3094-38DF-434A-AB60-04AD38DFEB75}"
EndProject
Project("{9A19103F-16F7-4668-BE54-9A1E7A4F7556}") = "TransactionalBox.KeyedInMemoryLock", "source\TransactionalBox.KeyedInMemoryLock\TransactionalBox.KeyedInMemoryLock.csproj", "{D9F3EEEB-5307-4CF4-97FF-BDBFDEC77D6A}"
EndProject
Project("{9A19103F-16F7-4668-BE54-9A1E7A4F7556}") = "TransactionalBox.KeyedInMemoryLock.Tests", "tests\TransactionalBox.KeyedInMemoryLock.Tests\TransactionalBox.KeyedInMemoryLock.Tests.csproj", "{CF1E2553-3259-42E2-8E3D-6B3A3382F847}"
EndProject
Project("{9A19103F-16F7-4668-BE54-9A1E7A4F7556}") = "TransactionalBox.DistributedLock.EntityFramework.Tests", "tests\TransactionalBox.DistributedLock.EntityFramework.Tests\TransactionalBox.DistributedLock.EntityFramework.Tests.csproj", "{6DAFA38A-758D-4B16-B7F0-9A65338BD9D5}"
EndProject
Project("{9A19103F-16F7-4668-BE54-9A1E7A4F7556}") = "TransactionalBox.Base.Inbox.MessageTypesFromAssemblies", "source\TransactionalBox.Base.Inbox.MessageTypesFromAssemblies\TransactionalBox.Base.Inbox.MessageTypesFromAssemblies.csproj", "{22C06BA0-199E-42D4-84D7-9DFE6FABB962}"
EndProject
Project("{9A19103F-16F7-4668-BE54-9A1E7A4F7556}") = "TransactionalBox.Inbox.Decompression.Brotli", "source\TransactionalBox.Inbox.Decompression.Brotli\TransactionalBox.Inbox.Decompression.Brotli.csproj", "{89904051-F76E-4B4D-B187-CB2DAB2D7B1A}"
EndProject
Project("{9A19103F-16F7-4668-BE54-9A1E7A4F7556}") = "TransactionalBox.Inbox.Decompression.CustomDecompression", "source\TransactionalBox.Inbox.Decompression.CustomDecompression\TransactionalBox.Inbox.Decompression.CustomDecompression.csproj", "{DE66051A-57E7-418B-9E4F-DE2F40D31C94}"
EndProject
Project("{9A19103F-16F7-4668-BE54-9A1E7A4F7556}") = "TransactionalBox.Inbox.Decompression.GZip", "source\TransactionalBox.Inbox.Decompression.GZip\TransactionalBox.Inbox.Decompression.GZip.csproj", "{0ED5DF87-1C2E-4234-8BCB-7FA6F0C145C8}"
EndProject
Global
	GlobalSection(SolutionConfigurationPlatforms) = preSolution
		Debug|Any CPU = Debug|Any CPU
		Release|Any CPU = Release|Any CPU
	EndGlobalSection
	GlobalSection(ProjectConfigurationPlatforms) = postSolution
		{A736B4E9-B86A-4654-9525-4A4B2889E70F}.Debug|Any CPU.ActiveCfg = Debug|Any CPU
		{A736B4E9-B86A-4654-9525-4A4B2889E70F}.Debug|Any CPU.Build.0 = Debug|Any CPU
		{A736B4E9-B86A-4654-9525-4A4B2889E70F}.Release|Any CPU.ActiveCfg = Release|Any CPU
		{A736B4E9-B86A-4654-9525-4A4B2889E70F}.Release|Any CPU.Build.0 = Release|Any CPU
		{EB3E6211-3118-4D11-B108-F8508A0CD052}.Debug|Any CPU.ActiveCfg = Debug|Any CPU
		{EB3E6211-3118-4D11-B108-F8508A0CD052}.Debug|Any CPU.Build.0 = Debug|Any CPU
		{EB3E6211-3118-4D11-B108-F8508A0CD052}.Release|Any CPU.ActiveCfg = Release|Any CPU
		{EB3E6211-3118-4D11-B108-F8508A0CD052}.Release|Any CPU.Build.0 = Release|Any CPU
		{F86E46C4-F478-4B05-A187-2641AD14BF3A}.Debug|Any CPU.ActiveCfg = Debug|Any CPU
		{F86E46C4-F478-4B05-A187-2641AD14BF3A}.Debug|Any CPU.Build.0 = Debug|Any CPU
		{F86E46C4-F478-4B05-A187-2641AD14BF3A}.Release|Any CPU.ActiveCfg = Release|Any CPU
		{F86E46C4-F478-4B05-A187-2641AD14BF3A}.Release|Any CPU.Build.0 = Release|Any CPU
		{0F2366C8-A646-4714-A884-3DE04348B45F}.Debug|Any CPU.ActiveCfg = Debug|Any CPU
		{0F2366C8-A646-4714-A884-3DE04348B45F}.Debug|Any CPU.Build.0 = Debug|Any CPU
		{0F2366C8-A646-4714-A884-3DE04348B45F}.Release|Any CPU.ActiveCfg = Release|Any CPU
		{0F2366C8-A646-4714-A884-3DE04348B45F}.Release|Any CPU.Build.0 = Release|Any CPU
		{7934A882-94D0-4A2A-8965-D7CDE3808F8A}.Debug|Any CPU.ActiveCfg = Debug|Any CPU
		{7934A882-94D0-4A2A-8965-D7CDE3808F8A}.Debug|Any CPU.Build.0 = Debug|Any CPU
		{7934A882-94D0-4A2A-8965-D7CDE3808F8A}.Release|Any CPU.ActiveCfg = Release|Any CPU
		{7934A882-94D0-4A2A-8965-D7CDE3808F8A}.Release|Any CPU.Build.0 = Release|Any CPU
		{289E2039-7A1E-48AE-AFB1-D8988C939C20}.Debug|Any CPU.ActiveCfg = Debug|Any CPU
		{289E2039-7A1E-48AE-AFB1-D8988C939C20}.Debug|Any CPU.Build.0 = Debug|Any CPU
		{289E2039-7A1E-48AE-AFB1-D8988C939C20}.Release|Any CPU.ActiveCfg = Release|Any CPU
		{289E2039-7A1E-48AE-AFB1-D8988C939C20}.Release|Any CPU.Build.0 = Release|Any CPU
		{B04A8F8F-4673-4C45-93E7-67BDE2E1AB96}.Debug|Any CPU.ActiveCfg = Debug|Any CPU
		{B04A8F8F-4673-4C45-93E7-67BDE2E1AB96}.Debug|Any CPU.Build.0 = Debug|Any CPU
		{B04A8F8F-4673-4C45-93E7-67BDE2E1AB96}.Release|Any CPU.ActiveCfg = Release|Any CPU
		{B04A8F8F-4673-4C45-93E7-67BDE2E1AB96}.Release|Any CPU.Build.0 = Release|Any CPU
		{97CAB206-CFFE-4238-8750-339CDF4E40F8}.Debug|Any CPU.ActiveCfg = Debug|Any CPU
		{97CAB206-CFFE-4238-8750-339CDF4E40F8}.Debug|Any CPU.Build.0 = Debug|Any CPU
		{97CAB206-CFFE-4238-8750-339CDF4E40F8}.Release|Any CPU.ActiveCfg = Release|Any CPU
		{97CAB206-CFFE-4238-8750-339CDF4E40F8}.Release|Any CPU.Build.0 = Release|Any CPU
		{7A06BFDC-C820-4CDD-9EBD-4DD04AF99673}.Debug|Any CPU.ActiveCfg = Debug|Any CPU
		{7A06BFDC-C820-4CDD-9EBD-4DD04AF99673}.Debug|Any CPU.Build.0 = Debug|Any CPU
		{7A06BFDC-C820-4CDD-9EBD-4DD04AF99673}.Release|Any CPU.ActiveCfg = Release|Any CPU
		{7A06BFDC-C820-4CDD-9EBD-4DD04AF99673}.Release|Any CPU.Build.0 = Release|Any CPU
		{1211DA14-5BCD-412F-84F1-5524FDC0BC18}.Debug|Any CPU.ActiveCfg = Debug|Any CPU
		{1211DA14-5BCD-412F-84F1-5524FDC0BC18}.Debug|Any CPU.Build.0 = Debug|Any CPU
		{1211DA14-5BCD-412F-84F1-5524FDC0BC18}.Release|Any CPU.ActiveCfg = Release|Any CPU
		{1211DA14-5BCD-412F-84F1-5524FDC0BC18}.Release|Any CPU.Build.0 = Release|Any CPU
		{A59D7F0D-0631-438B-B022-56ACBD640E01}.Debug|Any CPU.ActiveCfg = Debug|Any CPU
		{A59D7F0D-0631-438B-B022-56ACBD640E01}.Debug|Any CPU.Build.0 = Debug|Any CPU
		{A59D7F0D-0631-438B-B022-56ACBD640E01}.Release|Any CPU.ActiveCfg = Release|Any CPU
		{A59D7F0D-0631-438B-B022-56ACBD640E01}.Release|Any CPU.Build.0 = Release|Any CPU
		{26ECF009-798E-4AEA-B8B1-E11FEED33FB0}.Debug|Any CPU.ActiveCfg = Debug|Any CPU
		{26ECF009-798E-4AEA-B8B1-E11FEED33FB0}.Debug|Any CPU.Build.0 = Debug|Any CPU
		{26ECF009-798E-4AEA-B8B1-E11FEED33FB0}.Release|Any CPU.ActiveCfg = Release|Any CPU
		{26ECF009-798E-4AEA-B8B1-E11FEED33FB0}.Release|Any CPU.Build.0 = Release|Any CPU
		{D89EDC24-3316-4A91-8442-6D1ABAFEDEBF}.Debug|Any CPU.ActiveCfg = Debug|Any CPU
		{D89EDC24-3316-4A91-8442-6D1ABAFEDEBF}.Debug|Any CPU.Build.0 = Debug|Any CPU
		{D89EDC24-3316-4A91-8442-6D1ABAFEDEBF}.Release|Any CPU.ActiveCfg = Release|Any CPU
		{D89EDC24-3316-4A91-8442-6D1ABAFEDEBF}.Release|Any CPU.Build.0 = Release|Any CPU
		{0A6FE35D-DBA1-4E42-A7C4-7A41697BE1C9}.Debug|Any CPU.ActiveCfg = Debug|Any CPU
		{0A6FE35D-DBA1-4E42-A7C4-7A41697BE1C9}.Debug|Any CPU.Build.0 = Debug|Any CPU
		{0A6FE35D-DBA1-4E42-A7C4-7A41697BE1C9}.Release|Any CPU.ActiveCfg = Release|Any CPU
		{0A6FE35D-DBA1-4E42-A7C4-7A41697BE1C9}.Release|Any CPU.Build.0 = Release|Any CPU
		{91AFF9A3-BA61-4616-B416-D3EE5275368C}.Debug|Any CPU.ActiveCfg = Debug|Any CPU
		{91AFF9A3-BA61-4616-B416-D3EE5275368C}.Debug|Any CPU.Build.0 = Debug|Any CPU
		{91AFF9A3-BA61-4616-B416-D3EE5275368C}.Release|Any CPU.ActiveCfg = Release|Any CPU
		{91AFF9A3-BA61-4616-B416-D3EE5275368C}.Release|Any CPU.Build.0 = Release|Any CPU
		{471BE3CE-2A25-4D1F-A52D-48F495D47AAF}.Debug|Any CPU.ActiveCfg = Debug|Any CPU
		{471BE3CE-2A25-4D1F-A52D-48F495D47AAF}.Debug|Any CPU.Build.0 = Debug|Any CPU
		{471BE3CE-2A25-4D1F-A52D-48F495D47AAF}.Release|Any CPU.ActiveCfg = Release|Any CPU
		{471BE3CE-2A25-4D1F-A52D-48F495D47AAF}.Release|Any CPU.Build.0 = Release|Any CPU
		{76415A5A-6253-4DAB-B12B-D81C5439726E}.Debug|Any CPU.ActiveCfg = Debug|Any CPU
		{76415A5A-6253-4DAB-B12B-D81C5439726E}.Debug|Any CPU.Build.0 = Debug|Any CPU
		{76415A5A-6253-4DAB-B12B-D81C5439726E}.Release|Any CPU.ActiveCfg = Release|Any CPU
		{76415A5A-6253-4DAB-B12B-D81C5439726E}.Release|Any CPU.Build.0 = Release|Any CPU
		{C4E7ABF3-1F6E-4F79-8C06-3FAA3459A42C}.Debug|Any CPU.ActiveCfg = Debug|Any CPU
		{C4E7ABF3-1F6E-4F79-8C06-3FAA3459A42C}.Debug|Any CPU.Build.0 = Debug|Any CPU
		{C4E7ABF3-1F6E-4F79-8C06-3FAA3459A42C}.Release|Any CPU.ActiveCfg = Release|Any CPU
		{C4E7ABF3-1F6E-4F79-8C06-3FAA3459A42C}.Release|Any CPU.Build.0 = Release|Any CPU
		{F8910D3E-7FA1-4AFB-AC26-E7FD3DC318F6}.Debug|Any CPU.ActiveCfg = Debug|Any CPU
		{F8910D3E-7FA1-4AFB-AC26-E7FD3DC318F6}.Debug|Any CPU.Build.0 = Debug|Any CPU
		{F8910D3E-7FA1-4AFB-AC26-E7FD3DC318F6}.Release|Any CPU.ActiveCfg = Release|Any CPU
		{F8910D3E-7FA1-4AFB-AC26-E7FD3DC318F6}.Release|Any CPU.Build.0 = Release|Any CPU
		{2C74C098-E561-41CB-8D76-0E0563546D1C}.Debug|Any CPU.ActiveCfg = Debug|Any CPU
		{2C74C098-E561-41CB-8D76-0E0563546D1C}.Debug|Any CPU.Build.0 = Debug|Any CPU
		{2C74C098-E561-41CB-8D76-0E0563546D1C}.Release|Any CPU.ActiveCfg = Release|Any CPU
		{2C74C098-E561-41CB-8D76-0E0563546D1C}.Release|Any CPU.Build.0 = Release|Any CPU
		{EB71D5CF-376B-4FC4-B4C7-6878B55E2704}.Debug|Any CPU.ActiveCfg = Debug|Any CPU
		{EB71D5CF-376B-4FC4-B4C7-6878B55E2704}.Debug|Any CPU.Build.0 = Debug|Any CPU
		{EB71D5CF-376B-4FC4-B4C7-6878B55E2704}.Release|Any CPU.ActiveCfg = Release|Any CPU
		{EB71D5CF-376B-4FC4-B4C7-6878B55E2704}.Release|Any CPU.Build.0 = Release|Any CPU
		{E5D7930D-A74A-40F4-829E-5917DF4861F7}.Debug|Any CPU.ActiveCfg = Debug|Any CPU
		{E5D7930D-A74A-40F4-829E-5917DF4861F7}.Debug|Any CPU.Build.0 = Debug|Any CPU
		{E5D7930D-A74A-40F4-829E-5917DF4861F7}.Release|Any CPU.ActiveCfg = Release|Any CPU
		{E5D7930D-A74A-40F4-829E-5917DF4861F7}.Release|Any CPU.Build.0 = Release|Any CPU
		{26B38DB2-902E-4294-9D05-469A8AF701DA}.Debug|Any CPU.ActiveCfg = Debug|Any CPU
		{26B38DB2-902E-4294-9D05-469A8AF701DA}.Debug|Any CPU.Build.0 = Debug|Any CPU
		{26B38DB2-902E-4294-9D05-469A8AF701DA}.Release|Any CPU.ActiveCfg = Release|Any CPU
		{26B38DB2-902E-4294-9D05-469A8AF701DA}.Release|Any CPU.Build.0 = Release|Any CPU
		{AAA940A5-952E-49CA-B5C7-49F885E9FA9A}.Debug|Any CPU.ActiveCfg = Debug|Any CPU
		{AAA940A5-952E-49CA-B5C7-49F885E9FA9A}.Debug|Any CPU.Build.0 = Debug|Any CPU
		{AAA940A5-952E-49CA-B5C7-49F885E9FA9A}.Release|Any CPU.ActiveCfg = Release|Any CPU
		{AAA940A5-952E-49CA-B5C7-49F885E9FA9A}.Release|Any CPU.Build.0 = Release|Any CPU
		{54EB96AD-DF58-44D5-8BAA-D09D7430F191}.Debug|Any CPU.ActiveCfg = Debug|Any CPU
		{54EB96AD-DF58-44D5-8BAA-D09D7430F191}.Debug|Any CPU.Build.0 = Debug|Any CPU
		{54EB96AD-DF58-44D5-8BAA-D09D7430F191}.Release|Any CPU.ActiveCfg = Release|Any CPU
		{54EB96AD-DF58-44D5-8BAA-D09D7430F191}.Release|Any CPU.Build.0 = Release|Any CPU
		{78C27B51-23A3-4937-8020-D48177006E12}.Debug|Any CPU.ActiveCfg = Debug|Any CPU
		{78C27B51-23A3-4937-8020-D48177006E12}.Debug|Any CPU.Build.0 = Debug|Any CPU
		{78C27B51-23A3-4937-8020-D48177006E12}.Release|Any CPU.ActiveCfg = Release|Any CPU
		{78C27B51-23A3-4937-8020-D48177006E12}.Release|Any CPU.Build.0 = Release|Any CPU
		{F1A53222-8BB9-45A7-8DC6-3050E1908C87}.Debug|Any CPU.ActiveCfg = Debug|Any CPU
		{F1A53222-8BB9-45A7-8DC6-3050E1908C87}.Debug|Any CPU.Build.0 = Debug|Any CPU
		{F1A53222-8BB9-45A7-8DC6-3050E1908C87}.Release|Any CPU.ActiveCfg = Release|Any CPU
		{F1A53222-8BB9-45A7-8DC6-3050E1908C87}.Release|Any CPU.Build.0 = Release|Any CPU
		{1BF21145-4651-40BD-897A-0CDFB2913FA6}.Debug|Any CPU.ActiveCfg = Debug|Any CPU
		{1BF21145-4651-40BD-897A-0CDFB2913FA6}.Debug|Any CPU.Build.0 = Debug|Any CPU
		{1BF21145-4651-40BD-897A-0CDFB2913FA6}.Release|Any CPU.ActiveCfg = Release|Any CPU
		{1BF21145-4651-40BD-897A-0CDFB2913FA6}.Release|Any CPU.Build.0 = Release|Any CPU
		{5C2EB157-F976-42F9-8B26-42A50898714C}.Debug|Any CPU.ActiveCfg = Debug|Any CPU
		{5C2EB157-F976-42F9-8B26-42A50898714C}.Debug|Any CPU.Build.0 = Debug|Any CPU
		{5C2EB157-F976-42F9-8B26-42A50898714C}.Release|Any CPU.ActiveCfg = Release|Any CPU
		{5C2EB157-F976-42F9-8B26-42A50898714C}.Release|Any CPU.Build.0 = Release|Any CPU
		{E1275999-220F-489C-8536-002E02FFE10B}.Debug|Any CPU.ActiveCfg = Debug|Any CPU
		{E1275999-220F-489C-8536-002E02FFE10B}.Debug|Any CPU.Build.0 = Debug|Any CPU
		{E1275999-220F-489C-8536-002E02FFE10B}.Release|Any CPU.ActiveCfg = Release|Any CPU
		{E1275999-220F-489C-8536-002E02FFE10B}.Release|Any CPU.Build.0 = Release|Any CPU
		{C5CFB823-C390-47DD-B71A-2FF5104DBEDA}.Debug|Any CPU.ActiveCfg = Debug|Any CPU
		{C5CFB823-C390-47DD-B71A-2FF5104DBEDA}.Debug|Any CPU.Build.0 = Debug|Any CPU
		{C5CFB823-C390-47DD-B71A-2FF5104DBEDA}.Release|Any CPU.ActiveCfg = Release|Any CPU
		{C5CFB823-C390-47DD-B71A-2FF5104DBEDA}.Release|Any CPU.Build.0 = Release|Any CPU
		{AAC2397B-EAC1-439A-8A18-1883871794BF}.Debug|Any CPU.ActiveCfg = Debug|Any CPU
		{AAC2397B-EAC1-439A-8A18-1883871794BF}.Debug|Any CPU.Build.0 = Debug|Any CPU
		{AAC2397B-EAC1-439A-8A18-1883871794BF}.Release|Any CPU.ActiveCfg = Release|Any CPU
		{AAC2397B-EAC1-439A-8A18-1883871794BF}.Release|Any CPU.Build.0 = Release|Any CPU
		{6D508C6F-0721-4C1A-A599-8E83465DF684}.Debug|Any CPU.ActiveCfg = Debug|Any CPU
		{6D508C6F-0721-4C1A-A599-8E83465DF684}.Debug|Any CPU.Build.0 = Debug|Any CPU
		{6D508C6F-0721-4C1A-A599-8E83465DF684}.Release|Any CPU.ActiveCfg = Release|Any CPU
		{6D508C6F-0721-4C1A-A599-8E83465DF684}.Release|Any CPU.Build.0 = Release|Any CPU
		{73270D4C-2813-4BB2-8851-D8BDDA7DFAC4}.Debug|Any CPU.ActiveCfg = Debug|Any CPU
		{73270D4C-2813-4BB2-8851-D8BDDA7DFAC4}.Debug|Any CPU.Build.0 = Debug|Any CPU
		{73270D4C-2813-4BB2-8851-D8BDDA7DFAC4}.Release|Any CPU.ActiveCfg = Release|Any CPU
		{73270D4C-2813-4BB2-8851-D8BDDA7DFAC4}.Release|Any CPU.Build.0 = Release|Any CPU
		{8AD071DF-96DB-4D36-AC14-1E1549C8CDD8}.Debug|Any CPU.ActiveCfg = Debug|Any CPU
		{8AD071DF-96DB-4D36-AC14-1E1549C8CDD8}.Debug|Any CPU.Build.0 = Debug|Any CPU
		{8AD071DF-96DB-4D36-AC14-1E1549C8CDD8}.Release|Any CPU.ActiveCfg = Release|Any CPU
		{8AD071DF-96DB-4D36-AC14-1E1549C8CDD8}.Release|Any CPU.Build.0 = Release|Any CPU
		{AD04518F-BF61-4D99-BBD4-DE26E8B63322}.Debug|Any CPU.ActiveCfg = Debug|Any CPU
		{AD04518F-BF61-4D99-BBD4-DE26E8B63322}.Debug|Any CPU.Build.0 = Debug|Any CPU
		{AD04518F-BF61-4D99-BBD4-DE26E8B63322}.Release|Any CPU.ActiveCfg = Release|Any CPU
		{AD04518F-BF61-4D99-BBD4-DE26E8B63322}.Release|Any CPU.Build.0 = Release|Any CPU
		{E571BCAB-F17F-427A-BD3B-BBB4DD87D3F7}.Debug|Any CPU.ActiveCfg = Debug|Any CPU
		{E571BCAB-F17F-427A-BD3B-BBB4DD87D3F7}.Debug|Any CPU.Build.0 = Debug|Any CPU
		{E571BCAB-F17F-427A-BD3B-BBB4DD87D3F7}.Release|Any CPU.ActiveCfg = Release|Any CPU
		{E571BCAB-F17F-427A-BD3B-BBB4DD87D3F7}.Release|Any CPU.Build.0 = Release|Any CPU
		{8112E3E8-184F-4694-9A75-609DAC06BCF5}.Debug|Any CPU.ActiveCfg = Debug|Any CPU
		{8112E3E8-184F-4694-9A75-609DAC06BCF5}.Debug|Any CPU.Build.0 = Debug|Any CPU
		{8112E3E8-184F-4694-9A75-609DAC06BCF5}.Release|Any CPU.ActiveCfg = Release|Any CPU
		{8112E3E8-184F-4694-9A75-609DAC06BCF5}.Release|Any CPU.Build.0 = Release|Any CPU
		{6FFF3094-38DF-434A-AB60-04AD38DFEB75}.Debug|Any CPU.ActiveCfg = Debug|Any CPU
		{6FFF3094-38DF-434A-AB60-04AD38DFEB75}.Debug|Any CPU.Build.0 = Debug|Any CPU
		{6FFF3094-38DF-434A-AB60-04AD38DFEB75}.Release|Any CPU.ActiveCfg = Release|Any CPU
		{6FFF3094-38DF-434A-AB60-04AD38DFEB75}.Release|Any CPU.Build.0 = Release|Any CPU
		{D9F3EEEB-5307-4CF4-97FF-BDBFDEC77D6A}.Debug|Any CPU.ActiveCfg = Debug|Any CPU
		{D9F3EEEB-5307-4CF4-97FF-BDBFDEC77D6A}.Debug|Any CPU.Build.0 = Debug|Any CPU
		{D9F3EEEB-5307-4CF4-97FF-BDBFDEC77D6A}.Release|Any CPU.ActiveCfg = Release|Any CPU
		{D9F3EEEB-5307-4CF4-97FF-BDBFDEC77D6A}.Release|Any CPU.Build.0 = Release|Any CPU
		{CF1E2553-3259-42E2-8E3D-6B3A3382F847}.Debug|Any CPU.ActiveCfg = Debug|Any CPU
		{CF1E2553-3259-42E2-8E3D-6B3A3382F847}.Debug|Any CPU.Build.0 = Debug|Any CPU
		{CF1E2553-3259-42E2-8E3D-6B3A3382F847}.Release|Any CPU.ActiveCfg = Release|Any CPU
		{CF1E2553-3259-42E2-8E3D-6B3A3382F847}.Release|Any CPU.Build.0 = Release|Any CPU
		{6DAFA38A-758D-4B16-B7F0-9A65338BD9D5}.Debug|Any CPU.ActiveCfg = Debug|Any CPU
		{6DAFA38A-758D-4B16-B7F0-9A65338BD9D5}.Debug|Any CPU.Build.0 = Debug|Any CPU
		{6DAFA38A-758D-4B16-B7F0-9A65338BD9D5}.Release|Any CPU.ActiveCfg = Release|Any CPU
		{6DAFA38A-758D-4B16-B7F0-9A65338BD9D5}.Release|Any CPU.Build.0 = Release|Any CPU
		{22C06BA0-199E-42D4-84D7-9DFE6FABB962}.Debug|Any CPU.ActiveCfg = Debug|Any CPU
		{22C06BA0-199E-42D4-84D7-9DFE6FABB962}.Debug|Any CPU.Build.0 = Debug|Any CPU
		{22C06BA0-199E-42D4-84D7-9DFE6FABB962}.Release|Any CPU.ActiveCfg = Release|Any CPU
		{22C06BA0-199E-42D4-84D7-9DFE6FABB962}.Release|Any CPU.Build.0 = Release|Any CPU
		{89904051-F76E-4B4D-B187-CB2DAB2D7B1A}.Debug|Any CPU.ActiveCfg = Debug|Any CPU
		{89904051-F76E-4B4D-B187-CB2DAB2D7B1A}.Debug|Any CPU.Build.0 = Debug|Any CPU
		{89904051-F76E-4B4D-B187-CB2DAB2D7B1A}.Release|Any CPU.ActiveCfg = Release|Any CPU
		{89904051-F76E-4B4D-B187-CB2DAB2D7B1A}.Release|Any CPU.Build.0 = Release|Any CPU
		{DE66051A-57E7-418B-9E4F-DE2F40D31C94}.Debug|Any CPU.ActiveCfg = Debug|Any CPU
		{DE66051A-57E7-418B-9E4F-DE2F40D31C94}.Debug|Any CPU.Build.0 = Debug|Any CPU
		{DE66051A-57E7-418B-9E4F-DE2F40D31C94}.Release|Any CPU.ActiveCfg = Release|Any CPU
		{DE66051A-57E7-418B-9E4F-DE2F40D31C94}.Release|Any CPU.Build.0 = Release|Any CPU
		{0ED5DF87-1C2E-4234-8BCB-7FA6F0C145C8}.Debug|Any CPU.ActiveCfg = Debug|Any CPU
		{0ED5DF87-1C2E-4234-8BCB-7FA6F0C145C8}.Debug|Any CPU.Build.0 = Debug|Any CPU
		{0ED5DF87-1C2E-4234-8BCB-7FA6F0C145C8}.Release|Any CPU.ActiveCfg = Release|Any CPU
		{0ED5DF87-1C2E-4234-8BCB-7FA6F0C145C8}.Release|Any CPU.Build.0 = Release|Any CPU
	EndGlobalSection
	GlobalSection(SolutionProperties) = preSolution
		HideSolutionNode = FALSE
	EndGlobalSection
	GlobalSection(NestedProjects) = preSolution
		{A736B4E9-B86A-4654-9525-4A4B2889E70F} = {8FC46C4A-3C0C-458F-ACF5-F35F728A2988}
		{EB3E6211-3118-4D11-B108-F8508A0CD052} = {6DEFBC37-33F1-4E42-9A7E-2752E9AD3187}
		{F86E46C4-F478-4B05-A187-2641AD14BF3A} = {8FC46C4A-3C0C-458F-ACF5-F35F728A2988}
		{0F2366C8-A646-4714-A884-3DE04348B45F} = {D018E603-5AE9-4B1B-BF33-04EB0B5D6913}
		{7934A882-94D0-4A2A-8965-D7CDE3808F8A} = {6DEFBC37-33F1-4E42-9A7E-2752E9AD3187}
		{289E2039-7A1E-48AE-AFB1-D8988C939C20} = {8FC46C4A-3C0C-458F-ACF5-F35F728A2988}
		{B04A8F8F-4673-4C45-93E7-67BDE2E1AB96} = {8FC46C4A-3C0C-458F-ACF5-F35F728A2988}
		{97CAB206-CFFE-4238-8750-339CDF4E40F8} = {8FC46C4A-3C0C-458F-ACF5-F35F728A2988}
		{7A06BFDC-C820-4CDD-9EBD-4DD04AF99673} = {8FC46C4A-3C0C-458F-ACF5-F35F728A2988}
		{1211DA14-5BCD-412F-84F1-5524FDC0BC18} = {8FC46C4A-3C0C-458F-ACF5-F35F728A2988}
		{A59D7F0D-0631-438B-B022-56ACBD640E01} = {D018E603-5AE9-4B1B-BF33-04EB0B5D6913}
		{26ECF009-798E-4AEA-B8B1-E11FEED33FB0} = {D018E603-5AE9-4B1B-BF33-04EB0B5D6913}
		{D89EDC24-3316-4A91-8442-6D1ABAFEDEBF} = {D018E603-5AE9-4B1B-BF33-04EB0B5D6913}
		{0A6FE35D-DBA1-4E42-A7C4-7A41697BE1C9} = {8FC46C4A-3C0C-458F-ACF5-F35F728A2988}
		{91AFF9A3-BA61-4616-B416-D3EE5275368C} = {8FC46C4A-3C0C-458F-ACF5-F35F728A2988}
		{471BE3CE-2A25-4D1F-A52D-48F495D47AAF} = {8FC46C4A-3C0C-458F-ACF5-F35F728A2988}
		{76415A5A-6253-4DAB-B12B-D81C5439726E} = {8FC46C4A-3C0C-458F-ACF5-F35F728A2988}
		{C4E7ABF3-1F6E-4F79-8C06-3FAA3459A42C} = {8FC46C4A-3C0C-458F-ACF5-F35F728A2988}
		{F8910D3E-7FA1-4AFB-AC26-E7FD3DC318F6} = {8FC46C4A-3C0C-458F-ACF5-F35F728A2988}
		{2C74C098-E561-41CB-8D76-0E0563546D1C} = {8FC46C4A-3C0C-458F-ACF5-F35F728A2988}
		{EB71D5CF-376B-4FC4-B4C7-6878B55E2704} = {8FC46C4A-3C0C-458F-ACF5-F35F728A2988}
		{E5D7930D-A74A-40F4-829E-5917DF4861F7} = {8FC46C4A-3C0C-458F-ACF5-F35F728A2988}
		{26B38DB2-902E-4294-9D05-469A8AF701DA} = {8FC46C4A-3C0C-458F-ACF5-F35F728A2988}
		{AAA940A5-952E-49CA-B5C7-49F885E9FA9A} = {8FC46C4A-3C0C-458F-ACF5-F35F728A2988}
		{54EB96AD-DF58-44D5-8BAA-D09D7430F191} = {8FC46C4A-3C0C-458F-ACF5-F35F728A2988}
		{78C27B51-23A3-4937-8020-D48177006E12} = {8FC46C4A-3C0C-458F-ACF5-F35F728A2988}
		{F1A53222-8BB9-45A7-8DC6-3050E1908C87} = {8FC46C4A-3C0C-458F-ACF5-F35F728A2988}
		{1BF21145-4651-40BD-897A-0CDFB2913FA6} = {8FC46C4A-3C0C-458F-ACF5-F35F728A2988}
		{5C2EB157-F976-42F9-8B26-42A50898714C} = {D018E603-5AE9-4B1B-BF33-04EB0B5D6913}
		{E1275999-220F-489C-8536-002E02FFE10B} = {8FC46C4A-3C0C-458F-ACF5-F35F728A2988}
		{C5CFB823-C390-47DD-B71A-2FF5104DBEDA} = {8FC46C4A-3C0C-458F-ACF5-F35F728A2988}
		{AAC2397B-EAC1-439A-8A18-1883871794BF} = {8FC46C4A-3C0C-458F-ACF5-F35F728A2988}
		{6D508C6F-0721-4C1A-A599-8E83465DF684} = {8FC46C4A-3C0C-458F-ACF5-F35F728A2988}
		{73270D4C-2813-4BB2-8851-D8BDDA7DFAC4} = {8FC46C4A-3C0C-458F-ACF5-F35F728A2988}
		{8AD071DF-96DB-4D36-AC14-1E1549C8CDD8} = {8FC46C4A-3C0C-458F-ACF5-F35F728A2988}
		{AD04518F-BF61-4D99-BBD4-DE26E8B63322} = {8FC46C4A-3C0C-458F-ACF5-F35F728A2988}
		{E571BCAB-F17F-427A-BD3B-BBB4DD87D3F7} = {8FC46C4A-3C0C-458F-ACF5-F35F728A2988}
		{8112E3E8-184F-4694-9A75-609DAC06BCF5} = {8FC46C4A-3C0C-458F-ACF5-F35F728A2988}
		{6FFF3094-38DF-434A-AB60-04AD38DFEB75} = {8FC46C4A-3C0C-458F-ACF5-F35F728A2988}
		{D9F3EEEB-5307-4CF4-97FF-BDBFDEC77D6A} = {8FC46C4A-3C0C-458F-ACF5-F35F728A2988}
		{CF1E2553-3259-42E2-8E3D-6B3A3382F847} = {6DEFBC37-33F1-4E42-9A7E-2752E9AD3187}
		{6DAFA38A-758D-4B16-B7F0-9A65338BD9D5} = {6DEFBC37-33F1-4E42-9A7E-2752E9AD3187}
		{22C06BA0-199E-42D4-84D7-9DFE6FABB962} = {8FC46C4A-3C0C-458F-ACF5-F35F728A2988}
		{89904051-F76E-4B4D-B187-CB2DAB2D7B1A} = {8FC46C4A-3C0C-458F-ACF5-F35F728A2988}
		{DE66051A-57E7-418B-9E4F-DE2F40D31C94} = {8FC46C4A-3C0C-458F-ACF5-F35F728A2988}
		{0ED5DF87-1C2E-4234-8BCB-7FA6F0C145C8} = {8FC46C4A-3C0C-458F-ACF5-F35F728A2988}
	EndGlobalSection
	GlobalSection(ExtensibilityGlobals) = postSolution
		SolutionGuid = {2D01E2B0-80D8-4BCE-BE98-29AC821F4F2B}
	EndGlobalSection
EndGlobal
