
Microsoft Visual Studio Solution File, Format Version 12.00
# Visual Studio Version 17
VisualStudioVersion = 17.0.31903.59
MinimumVisualStudioVersion = 10.0.40219.1
Project("{2150E333-8FDC-42A3-9474-1A3956D46DE8}") = "source", "source", "{8FC46C4A-3C0C-458F-ACF5-F35F728A2988}"
EndProject
Project("{9A19103F-16F7-4668-BE54-9A1E7A4F7556}") = "TransactionalBox", "source\TransactionalBox\TransactionalBox.csproj", "{A736B4E9-B86A-4654-9525-4A4B2889E70F}"
EndProject
Project("{2150E333-8FDC-42A3-9474-1A3956D46DE8}") = "tests", "tests", "{6DEFBC37-33F1-4E42-9A7E-2752E9AD3187}"
EndProject
Project("{9A19103F-16F7-4668-BE54-9A1E7A4F7556}") = "TransactionalBox.UnitTests", "tests\TransactionalBox.UnitTests\TransactionalBox.UnitTests.csproj", "{EB3E6211-3118-4D11-B108-F8508A0CD052}"
EndProject
Project("{9A19103F-16F7-4668-BE54-9A1E7A4F7556}") = "TransactionalBox.Outbox", "source\TransactionalBox.Outbox\TransactionalBox.Outbox.csproj", "{F86E46C4-F478-4B05-A187-2641AD14BF3A}"
EndProject
Project("{2150E333-8FDC-42A3-9474-1A3956D46DE8}") = "samples", "samples", "{D018E603-5AE9-4B1B-BF33-04EB0B5D6913}"
EndProject
Project("{9A19103F-16F7-4668-BE54-9A1E7A4F7556}") = "TransactionalBox.Sample.WebApi", "samples\TransactionalBox.Sample.WebApi\TransactionalBox.Sample.WebApi.csproj", "{0F2366C8-A646-4714-A884-3DE04348B45F}"
EndProject
Project("{9A19103F-16F7-4668-BE54-9A1E7A4F7556}") = "TransactionalBox.Outbox.UnitTests", "tests\TransactionalBox.Outbox.UnitTests\TransactionalBox.Outbox.UnitTests.csproj", "{7934A882-94D0-4A2A-8965-D7CDE3808F8A}"
EndProject
Project("{9A19103F-16F7-4668-BE54-9A1E7A4F7556}") = "TransactionalBox.Inbox", "source\TransactionalBox.Inbox\TransactionalBox.Inbox.csproj", "{97CAB206-CFFE-4238-8750-339CDF4E40F8}"
EndProject
Project("{9A19103F-16F7-4668-BE54-9A1E7A4F7556}") = "TransactionalBox.DistributedLock", "source\TransactionalBox.DistributedLock\TransactionalBox.DistributedLock.csproj", "{7A06BFDC-C820-4CDD-9EBD-4DD04AF99673}"
EndProject
Project("{9A19103F-16F7-4668-BE54-9A1E7A4F7556}") = "TransactionalBox.DistributedLock.EntityFramework", "source\TransactionalBox.DistributedLock.EntityFramework\TransactionalBox.DistributedLock.EntityFramework.csproj", "{1211DA14-5BCD-412F-84F1-5524FDC0BC18}"
EndProject
Project("{9A19103F-16F7-4668-BE54-9A1E7A4F7556}") = "TransactionalBox.Sample.OutboxWithWorker", "samples\TransactionalBox.Sample.OutboxWithWorker\TransactionalBox.Sample.OutboxWithWorker.csproj", "{A59D7F0D-0631-438B-B022-56ACBD640E01}"
EndProject
Project("{9A19103F-16F7-4668-BE54-9A1E7A4F7556}") = "TransactionalBox.Sample.InboxWithWorker", "samples\TransactionalBox.Sample.InboxWithWorker\TransactionalBox.Sample.InboxWithWorker.csproj", "{26ECF009-798E-4AEA-B8B1-E11FEED33FB0}"
EndProject
Project("{E53339B2-1760-4266-BCC7-CA923CBCF16C}") = "TransactionalBoxWithWorkers", "samples\TransactionalBoxWithWorkers.dcproj", "{D89EDC24-3316-4A91-8442-6D1ABAFEDEBF}"
EndProject
Project("{9A19103F-16F7-4668-BE54-9A1E7A4F7556}") = "TransactionalBox.Outbox.Storage.EntityFramework", "source\TransactionalBox.Outbox.Storage.EntityFramework\TransactionalBox.Outbox.Storage.EntityFramework.csproj", "{EB71D5CF-376B-4FC4-B4C7-6878B55E2704}"
EndProject
Project("{9A19103F-16F7-4668-BE54-9A1E7A4F7556}") = "TransactionalBox.Inbox.Storage.EntityFramework", "source\TransactionalBox.Inbox.Storage.EntityFramework\TransactionalBox.Inbox.Storage.EntityFramework.csproj", "{26B38DB2-902E-4294-9D05-469A8AF701DA}"
EndProject
Project("{9A19103F-16F7-4668-BE54-9A1E7A4F7556}") = "TransactionalBox.Sample.WebApi.InMemory", "samples\TransactionalBox.Sample.WebApi.InMemory\TransactionalBox.Sample.WebApi.InMemory.csproj", "{5C2EB157-F976-42F9-8B26-42A50898714C}"
EndProject
Project("{9A19103F-16F7-4668-BE54-9A1E7A4F7556}") = "TransactionalBox.Base.Transport.InMemory", "source\TransactionalBox.Base.Transport.InMemory\TransactionalBox.Base.Transport.InMemory.csproj", "{E1275999-220F-489C-8536-002E02FFE10B}"
EndProject
Project("{9A19103F-16F7-4668-BE54-9A1E7A4F7556}") = "TransactionalBox.Base.BackgroundService", "source\TransactionalBox.Base.BackgroundService\TransactionalBox.Base.BackgroundService.csproj", "{8AD071DF-96DB-4D36-AC14-1E1549C8CDD8}"
EndProject
Project("{9A19103F-16F7-4668-BE54-9A1E7A4F7556}") = "TransactionalBox.KeyedInMemoryLock", "source\TransactionalBox.KeyedInMemoryLock\TransactionalBox.KeyedInMemoryLock.csproj", "{D9F3EEEB-5307-4CF4-97FF-BDBFDEC77D6A}"
EndProject
Project("{9A19103F-16F7-4668-BE54-9A1E7A4F7556}") = "TransactionalBox.KeyedInMemoryLock.Tests", "tests\TransactionalBox.KeyedInMemoryLock.Tests\TransactionalBox.KeyedInMemoryLock.Tests.csproj", "{CF1E2553-3259-42E2-8E3D-6B3A3382F847}"
EndProject
Project("{9A19103F-16F7-4668-BE54-9A1E7A4F7556}") = "TransactionalBox.DistributedLock.EntityFramework.Tests", "tests\TransactionalBox.DistributedLock.EntityFramework.Tests\TransactionalBox.DistributedLock.EntityFramework.Tests.csproj", "{6DAFA38A-758D-4B16-B7F0-9A65338BD9D5}"
EndProject
Project("{9A19103F-16F7-4668-BE54-9A1E7A4F7556}") = "TransactionalBox.Inbox.Decompression.Brotli", "source\TransactionalBox.Inbox.Decompression.Brotli\TransactionalBox.Inbox.Decompression.Brotli.csproj", "{89904051-F76E-4B4D-B187-CB2DAB2D7B1A}"
EndProject
Project("{9A19103F-16F7-4668-BE54-9A1E7A4F7556}") = "TransactionalBox.Inbox.Decompression.GZip", "source\TransactionalBox.Inbox.Decompression.GZip\TransactionalBox.Inbox.Decompression.GZip.csproj", "{0ED5DF87-1C2E-4234-8BCB-7FA6F0C145C8}"
EndProject
Project("{9A19103F-16F7-4668-BE54-9A1E7A4F7556}") = "TransactionalBox.Inbox.Transport.Kafka", "source\TransactionalBox.Inbox.Transport.Kafka\TransactionalBox.Inbox.Transport.Kafka.csproj", "{EADA69BF-75D0-462A-870B-663DA4C1EB0F}"
EndProject
Project("{9A19103F-16F7-4668-BE54-9A1E7A4F7556}") = "TransactionalBox.Outbox.Compression.Brotli", "source\TransactionalBox.Outbox.Compression.Brotli\TransactionalBox.Outbox.Compression.Brotli.csproj", "{96EBBB14-3BA9-4613-8E15-D1AE24B38C1C}"
EndProject
Project("{9A19103F-16F7-4668-BE54-9A1E7A4F7556}") = "TransactionalBox.Outbox.Compression.GZip", "source\TransactionalBox.Outbox.Compression.GZip\TransactionalBox.Outbox.Compression.GZip.csproj", "{3D5E31DE-CC38-4B7E-ABB0-594C55E70514}"
EndProject
Project("{9A19103F-16F7-4668-BE54-9A1E7A4F7556}") = "TransactionalBox.Outbox.Transport.Kafka", "source\TransactionalBox.Outbox.Transport.Kafka\TransactionalBox.Outbox.Transport.Kafka.csproj", "{1A893CE2-4F2C-40BD-82A7-B8C0E778FA99}"
EndProject
Project("{9A19103F-16F7-4668-BE54-9A1E7A4F7556}") = "TransactionalBox.Base.BackgroundService.Tests", "tests\TransactionalBox.Base.BackgroundService.Tests\TransactionalBox.Base.BackgroundService.Tests.csproj", "{DD7F70B1-6914-4DA0-84C2-71D9153831CF}"
EndProject
Project("{9A19103F-16F7-4668-BE54-9A1E7A4F7556}") = "TransactionalBox.Base.Hooks", "source\TransactionalBox.Base.Hooks\TransactionalBox.Base.Hooks.csproj", "{F0C87796-F285-4AB4-B970-702163148819}"
EndProject
Global
	GlobalSection(SolutionConfigurationPlatforms) = preSolution
		Debug|Any CPU = Debug|Any CPU
		Release|Any CPU = Release|Any CPU
	EndGlobalSection
	GlobalSection(ProjectConfigurationPlatforms) = postSolution
		{A736B4E9-B86A-4654-9525-4A4B2889E70F}.Debug|Any CPU.ActiveCfg = Debug|Any CPU
		{A736B4E9-B86A-4654-9525-4A4B2889E70F}.Debug|Any CPU.Build.0 = Debug|Any CPU
		{A736B4E9-B86A-4654-9525-4A4B2889E70F}.Release|Any CPU.ActiveCfg = Release|Any CPU
		{A736B4E9-B86A-4654-9525-4A4B2889E70F}.Release|Any CPU.Build.0 = Release|Any CPU
		{EB3E6211-3118-4D11-B108-F8508A0CD052}.Debug|Any CPU.ActiveCfg = Debug|Any CPU
		{EB3E6211-3118-4D11-B108-F8508A0CD052}.Debug|Any CPU.Build.0 = Debug|Any CPU
		{EB3E6211-3118-4D11-B108-F8508A0CD052}.Release|Any CPU.ActiveCfg = Release|Any CPU
		{EB3E6211-3118-4D11-B108-F8508A0CD052}.Release|Any CPU.Build.0 = Release|Any CPU
		{F86E46C4-F478-4B05-A187-2641AD14BF3A}.Debug|Any CPU.ActiveCfg = Debug|Any CPU
		{F86E46C4-F478-4B05-A187-2641AD14BF3A}.Debug|Any CPU.Build.0 = Debug|Any CPU
		{F86E46C4-F478-4B05-A187-2641AD14BF3A}.Release|Any CPU.ActiveCfg = Release|Any CPU
		{F86E46C4-F478-4B05-A187-2641AD14BF3A}.Release|Any CPU.Build.0 = Release|Any CPU
		{0F2366C8-A646-4714-A884-3DE04348B45F}.Debug|Any CPU.ActiveCfg = Debug|Any CPU
		{0F2366C8-A646-4714-A884-3DE04348B45F}.Debug|Any CPU.Build.0 = Debug|Any CPU
		{0F2366C8-A646-4714-A884-3DE04348B45F}.Release|Any CPU.ActiveCfg = Release|Any CPU
		{0F2366C8-A646-4714-A884-3DE04348B45F}.Release|Any CPU.Build.0 = Release|Any CPU
		{7934A882-94D0-4A2A-8965-D7CDE3808F8A}.Debug|Any CPU.ActiveCfg = Debug|Any CPU
		{7934A882-94D0-4A2A-8965-D7CDE3808F8A}.Debug|Any CPU.Build.0 = Debug|Any CPU
		{7934A882-94D0-4A2A-8965-D7CDE3808F8A}.Release|Any CPU.ActiveCfg = Release|Any CPU
		{7934A882-94D0-4A2A-8965-D7CDE3808F8A}.Release|Any CPU.Build.0 = Release|Any CPU
		{97CAB206-CFFE-4238-8750-339CDF4E40F8}.Debug|Any CPU.ActiveCfg = Debug|Any CPU
		{97CAB206-CFFE-4238-8750-339CDF4E40F8}.Debug|Any CPU.Build.0 = Debug|Any CPU
		{97CAB206-CFFE-4238-8750-339CDF4E40F8}.Release|Any CPU.ActiveCfg = Release|Any CPU
		{97CAB206-CFFE-4238-8750-339CDF4E40F8}.Release|Any CPU.Build.0 = Release|Any CPU
		{7A06BFDC-C820-4CDD-9EBD-4DD04AF99673}.Debug|Any CPU.ActiveCfg = Debug|Any CPU
		{7A06BFDC-C820-4CDD-9EBD-4DD04AF99673}.Debug|Any CPU.Build.0 = Debug|Any CPU
		{7A06BFDC-C820-4CDD-9EBD-4DD04AF99673}.Release|Any CPU.ActiveCfg = Release|Any CPU
		{7A06BFDC-C820-4CDD-9EBD-4DD04AF99673}.Release|Any CPU.Build.0 = Release|Any CPU
		{1211DA14-5BCD-412F-84F1-5524FDC0BC18}.Debug|Any CPU.ActiveCfg = Debug|Any CPU
		{1211DA14-5BCD-412F-84F1-5524FDC0BC18}.Debug|Any CPU.Build.0 = Debug|Any CPU
		{1211DA14-5BCD-412F-84F1-5524FDC0BC18}.Release|Any CPU.ActiveCfg = Release|Any CPU
		{1211DA14-5BCD-412F-84F1-5524FDC0BC18}.Release|Any CPU.Build.0 = Release|Any CPU
		{A59D7F0D-0631-438B-B022-56ACBD640E01}.Debug|Any CPU.ActiveCfg = Debug|Any CPU
		{A59D7F0D-0631-438B-B022-56ACBD640E01}.Debug|Any CPU.Build.0 = Debug|Any CPU
		{A59D7F0D-0631-438B-B022-56ACBD640E01}.Release|Any CPU.ActiveCfg = Release|Any CPU
		{A59D7F0D-0631-438B-B022-56ACBD640E01}.Release|Any CPU.Build.0 = Release|Any CPU
		{26ECF009-798E-4AEA-B8B1-E11FEED33FB0}.Debug|Any CPU.ActiveCfg = Debug|Any CPU
		{26ECF009-798E-4AEA-B8B1-E11FEED33FB0}.Debug|Any CPU.Build.0 = Debug|Any CPU
		{26ECF009-798E-4AEA-B8B1-E11FEED33FB0}.Release|Any CPU.ActiveCfg = Release|Any CPU
		{26ECF009-798E-4AEA-B8B1-E11FEED33FB0}.Release|Any CPU.Build.0 = Release|Any CPU
		{D89EDC24-3316-4A91-8442-6D1ABAFEDEBF}.Debug|Any CPU.ActiveCfg = Debug|Any CPU
		{D89EDC24-3316-4A91-8442-6D1ABAFEDEBF}.Debug|Any CPU.Build.0 = Debug|Any CPU
		{D89EDC24-3316-4A91-8442-6D1ABAFEDEBF}.Release|Any CPU.ActiveCfg = Release|Any CPU
		{D89EDC24-3316-4A91-8442-6D1ABAFEDEBF}.Release|Any CPU.Build.0 = Release|Any CPU
		{EB71D5CF-376B-4FC4-B4C7-6878B55E2704}.Debug|Any CPU.ActiveCfg = Debug|Any CPU
		{EB71D5CF-376B-4FC4-B4C7-6878B55E2704}.Debug|Any CPU.Build.0 = Debug|Any CPU
		{EB71D5CF-376B-4FC4-B4C7-6878B55E2704}.Release|Any CPU.ActiveCfg = Release|Any CPU
		{EB71D5CF-376B-4FC4-B4C7-6878B55E2704}.Release|Any CPU.Build.0 = Release|Any CPU
		{26B38DB2-902E-4294-9D05-469A8AF701DA}.Debug|Any CPU.ActiveCfg = Debug|Any CPU
		{26B38DB2-902E-4294-9D05-469A8AF701DA}.Debug|Any CPU.Build.0 = Debug|Any CPU
		{26B38DB2-902E-4294-9D05-469A8AF701DA}.Release|Any CPU.ActiveCfg = Release|Any CPU
		{26B38DB2-902E-4294-9D05-469A8AF701DA}.Release|Any CPU.Build.0 = Release|Any CPU
		{5C2EB157-F976-42F9-8B26-42A50898714C}.Debug|Any CPU.ActiveCfg = Debug|Any CPU
		{5C2EB157-F976-42F9-8B26-42A50898714C}.Debug|Any CPU.Build.0 = Debug|Any CPU
		{5C2EB157-F976-42F9-8B26-42A50898714C}.Release|Any CPU.ActiveCfg = Release|Any CPU
		{5C2EB157-F976-42F9-8B26-42A50898714C}.Release|Any CPU.Build.0 = Release|Any CPU
		{E1275999-220F-489C-8536-002E02FFE10B}.Debug|Any CPU.ActiveCfg = Debug|Any CPU
		{E1275999-220F-489C-8536-002E02FFE10B}.Debug|Any CPU.Build.0 = Debug|Any CPU
		{E1275999-220F-489C-8536-002E02FFE10B}.Release|Any CPU.ActiveCfg = Release|Any CPU
		{E1275999-220F-489C-8536-002E02FFE10B}.Release|Any CPU.Build.0 = Release|Any CPU
		{8AD071DF-96DB-4D36-AC14-1E1549C8CDD8}.Debug|Any CPU.ActiveCfg = Debug|Any CPU
		{8AD071DF-96DB-4D36-AC14-1E1549C8CDD8}.Debug|Any CPU.Build.0 = Debug|Any CPU
		{8AD071DF-96DB-4D36-AC14-1E1549C8CDD8}.Release|Any CPU.ActiveCfg = Release|Any CPU
		{8AD071DF-96DB-4D36-AC14-1E1549C8CDD8}.Release|Any CPU.Build.0 = Release|Any CPU
		{D9F3EEEB-5307-4CF4-97FF-BDBFDEC77D6A}.Debug|Any CPU.ActiveCfg = Debug|Any CPU
		{D9F3EEEB-5307-4CF4-97FF-BDBFDEC77D6A}.Debug|Any CPU.Build.0 = Debug|Any CPU
		{D9F3EEEB-5307-4CF4-97FF-BDBFDEC77D6A}.Release|Any CPU.ActiveCfg = Release|Any CPU
		{D9F3EEEB-5307-4CF4-97FF-BDBFDEC77D6A}.Release|Any CPU.Build.0 = Release|Any CPU
		{CF1E2553-3259-42E2-8E3D-6B3A3382F847}.Debug|Any CPU.ActiveCfg = Debug|Any CPU
		{CF1E2553-3259-42E2-8E3D-6B3A3382F847}.Debug|Any CPU.Build.0 = Debug|Any CPU
		{CF1E2553-3259-42E2-8E3D-6B3A3382F847}.Release|Any CPU.ActiveCfg = Release|Any CPU
		{CF1E2553-3259-42E2-8E3D-6B3A3382F847}.Release|Any CPU.Build.0 = Release|Any CPU
		{6DAFA38A-758D-4B16-B7F0-9A65338BD9D5}.Debug|Any CPU.ActiveCfg = Debug|Any CPU
		{6DAFA38A-758D-4B16-B7F0-9A65338BD9D5}.Debug|Any CPU.Build.0 = Debug|Any CPU
		{6DAFA38A-758D-4B16-B7F0-9A65338BD9D5}.Release|Any CPU.ActiveCfg = Release|Any CPU
		{6DAFA38A-758D-4B16-B7F0-9A65338BD9D5}.Release|Any CPU.Build.0 = Release|Any CPU
		{89904051-F76E-4B4D-B187-CB2DAB2D7B1A}.Debug|Any CPU.ActiveCfg = Debug|Any CPU
		{89904051-F76E-4B4D-B187-CB2DAB2D7B1A}.Debug|Any CPU.Build.0 = Debug|Any CPU
		{89904051-F76E-4B4D-B187-CB2DAB2D7B1A}.Release|Any CPU.ActiveCfg = Release|Any CPU
		{89904051-F76E-4B4D-B187-CB2DAB2D7B1A}.Release|Any CPU.Build.0 = Release|Any CPU
		{0ED5DF87-1C2E-4234-8BCB-7FA6F0C145C8}.Debug|Any CPU.ActiveCfg = Debug|Any CPU
		{0ED5DF87-1C2E-4234-8BCB-7FA6F0C145C8}.Debug|Any CPU.Build.0 = Debug|Any CPU
		{0ED5DF87-1C2E-4234-8BCB-7FA6F0C145C8}.Release|Any CPU.ActiveCfg = Release|Any CPU
		{0ED5DF87-1C2E-4234-8BCB-7FA6F0C145C8}.Release|Any CPU.Build.0 = Release|Any CPU
		{EADA69BF-75D0-462A-870B-663DA4C1EB0F}.Debug|Any CPU.ActiveCfg = Debug|Any CPU
		{EADA69BF-75D0-462A-870B-663DA4C1EB0F}.Debug|Any CPU.Build.0 = Debug|Any CPU
		{EADA69BF-75D0-462A-870B-663DA4C1EB0F}.Release|Any CPU.ActiveCfg = Release|Any CPU
		{EADA69BF-75D0-462A-870B-663DA4C1EB0F}.Release|Any CPU.Build.0 = Release|Any CPU
		{96EBBB14-3BA9-4613-8E15-D1AE24B38C1C}.Debug|Any CPU.ActiveCfg = Debug|Any CPU
		{96EBBB14-3BA9-4613-8E15-D1AE24B38C1C}.Debug|Any CPU.Build.0 = Debug|Any CPU
		{96EBBB14-3BA9-4613-8E15-D1AE24B38C1C}.Release|Any CPU.ActiveCfg = Release|Any CPU
		{96EBBB14-3BA9-4613-8E15-D1AE24B38C1C}.Release|Any CPU.Build.0 = Release|Any CPU
		{3D5E31DE-CC38-4B7E-ABB0-594C55E70514}.Debug|Any CPU.ActiveCfg = Debug|Any CPU
		{3D5E31DE-CC38-4B7E-ABB0-594C55E70514}.Debug|Any CPU.Build.0 = Debug|Any CPU
		{3D5E31DE-CC38-4B7E-ABB0-594C55E70514}.Release|Any CPU.ActiveCfg = Release|Any CPU
		{3D5E31DE-CC38-4B7E-ABB0-594C55E70514}.Release|Any CPU.Build.0 = Release|Any CPU
		{1A893CE2-4F2C-40BD-82A7-B8C0E778FA99}.Debug|Any CPU.ActiveCfg = Debug|Any CPU
		{1A893CE2-4F2C-40BD-82A7-B8C0E778FA99}.Debug|Any CPU.Build.0 = Debug|Any CPU
		{1A893CE2-4F2C-40BD-82A7-B8C0E778FA99}.Release|Any CPU.ActiveCfg = Release|Any CPU
		{1A893CE2-4F2C-40BD-82A7-B8C0E778FA99}.Release|Any CPU.Build.0 = Release|Any CPU
		{DD7F70B1-6914-4DA0-84C2-71D9153831CF}.Debug|Any CPU.ActiveCfg = Debug|Any CPU
		{DD7F70B1-6914-4DA0-84C2-71D9153831CF}.Debug|Any CPU.Build.0 = Debug|Any CPU
		{DD7F70B1-6914-4DA0-84C2-71D9153831CF}.Release|Any CPU.ActiveCfg = Release|Any CPU
		{DD7F70B1-6914-4DA0-84C2-71D9153831CF}.Release|Any CPU.Build.0 = Release|Any CPU
		{F0C87796-F285-4AB4-B970-702163148819}.Debug|Any CPU.ActiveCfg = Debug|Any CPU
		{F0C87796-F285-4AB4-B970-702163148819}.Debug|Any CPU.Build.0 = Debug|Any CPU
		{F0C87796-F285-4AB4-B970-702163148819}.Release|Any CPU.ActiveCfg = Release|Any CPU
		{F0C87796-F285-4AB4-B970-702163148819}.Release|Any CPU.Build.0 = Release|Any CPU
	EndGlobalSection
	GlobalSection(SolutionProperties) = preSolution
		HideSolutionNode = FALSE
	EndGlobalSection
	GlobalSection(NestedProjects) = preSolution
		{A736B4E9-B86A-4654-9525-4A4B2889E70F} = {8FC46C4A-3C0C-458F-ACF5-F35F728A2988}
		{EB3E6211-3118-4D11-B108-F8508A0CD052} = {6DEFBC37-33F1-4E42-9A7E-2752E9AD3187}
		{F86E46C4-F478-4B05-A187-2641AD14BF3A} = {8FC46C4A-3C0C-458F-ACF5-F35F728A2988}
		{0F2366C8-A646-4714-A884-3DE04348B45F} = {D018E603-5AE9-4B1B-BF33-04EB0B5D6913}
		{7934A882-94D0-4A2A-8965-D7CDE3808F8A} = {6DEFBC37-33F1-4E42-9A7E-2752E9AD3187}
		{97CAB206-CFFE-4238-8750-339CDF4E40F8} = {8FC46C4A-3C0C-458F-ACF5-F35F728A2988}
		{7A06BFDC-C820-4CDD-9EBD-4DD04AF99673} = {8FC46C4A-3C0C-458F-ACF5-F35F728A2988}
		{1211DA14-5BCD-412F-84F1-5524FDC0BC18} = {8FC46C4A-3C0C-458F-ACF5-F35F728A2988}
		{A59D7F0D-0631-438B-B022-56ACBD640E01} = {D018E603-5AE9-4B1B-BF33-04EB0B5D6913}
		{26ECF009-798E-4AEA-B8B1-E11FEED33FB0} = {D018E603-5AE9-4B1B-BF33-04EB0B5D6913}
		{D89EDC24-3316-4A91-8442-6D1ABAFEDEBF} = {D018E603-5AE9-4B1B-BF33-04EB0B5D6913}
		{EB71D5CF-376B-4FC4-B4C7-6878B55E2704} = {8FC46C4A-3C0C-458F-ACF5-F35F728A2988}
		{26B38DB2-902E-4294-9D05-469A8AF701DA} = {8FC46C4A-3C0C-458F-ACF5-F35F728A2988}
		{5C2EB157-F976-42F9-8B26-42A50898714C} = {D018E603-5AE9-4B1B-BF33-04EB0B5D6913}
		{E1275999-220F-489C-8536-002E02FFE10B} = {8FC46C4A-3C0C-458F-ACF5-F35F728A2988}
		{8AD071DF-96DB-4D36-AC14-1E1549C8CDD8} = {8FC46C4A-3C0C-458F-ACF5-F35F728A2988}
		{D9F3EEEB-5307-4CF4-97FF-BDBFDEC77D6A} = {8FC46C4A-3C0C-458F-ACF5-F35F728A2988}
		{CF1E2553-3259-42E2-8E3D-6B3A3382F847} = {6DEFBC37-33F1-4E42-9A7E-2752E9AD3187}
		{6DAFA38A-758D-4B16-B7F0-9A65338BD9D5} = {6DEFBC37-33F1-4E42-9A7E-2752E9AD3187}
		{89904051-F76E-4B4D-B187-CB2DAB2D7B1A} = {8FC46C4A-3C0C-458F-ACF5-F35F728A2988}
		{0ED5DF87-1C2E-4234-8BCB-7FA6F0C145C8} = {8FC46C4A-3C0C-458F-ACF5-F35F728A2988}
		{EADA69BF-75D0-462A-870B-663DA4C1EB0F} = {8FC46C4A-3C0C-458F-ACF5-F35F728A2988}
		{96EBBB14-3BA9-4613-8E15-D1AE24B38C1C} = {8FC46C4A-3C0C-458F-ACF5-F35F728A2988}
		{3D5E31DE-CC38-4B7E-ABB0-594C55E70514} = {8FC46C4A-3C0C-458F-ACF5-F35F728A2988}
		{1A893CE2-4F2C-40BD-82A7-B8C0E778FA99} = {8FC46C4A-3C0C-458F-ACF5-F35F728A2988}
		{DD7F70B1-6914-4DA0-84C2-71D9153831CF} = {6DEFBC37-33F1-4E42-9A7E-2752E9AD3187}
		{F0C87796-F285-4AB4-B970-702163148819} = {8FC46C4A-3C0C-458F-ACF5-F35F728A2988}
	EndGlobalSection
	GlobalSection(ExtensibilityGlobals) = postSolution
		SolutionGuid = {2D01E2B0-80D8-4BCE-BE98-29AC821F4F2B}
	EndGlobalSection
EndGlobal
