
Microsoft Visual Studio Solution File, Format Version 12.00
# Visual Studio Version 17
VisualStudioVersion = 17.0.31903.59
MinimumVisualStudioVersion = 10.0.40219.1
Project("{2150E333-8FDC-42A3-9474-1A3956D46DE8}") = "source", "source", "{8FC46C4A-3C0C-458F-ACF5-F35F728A2988}"
EndProject
Project("{9A19103F-16F7-4668-BE54-9A1E7A4F7556}") = "TransactionalBox", "source\TransactionalBox\TransactionalBox.csproj", "{A736B4E9-B86A-4654-9525-4A4B2889E70F}"
EndProject
Project("{2150E333-8FDC-42A3-9474-1A3956D46DE8}") = "tests", "tests", "{6DEFBC37-33F1-4E42-9A7E-2752E9AD3187}"
EndProject
Project("{9A19103F-16F7-4668-BE54-9A1E7A4F7556}") = "TransactionalBox.UnitTests", "tests\TransactionalBox.UnitTests\TransactionalBox.UnitTests.csproj", "{EB3E6211-3118-4D11-B108-F8508A0CD052}"
EndProject
Project("{2150E333-8FDC-42A3-9474-1A3956D46DE8}") = "samples", "samples", "{D018E603-5AE9-4B1B-BF33-04EB0B5D6913}"
EndProject
Project("{9A19103F-16F7-4668-BE54-9A1E7A4F7556}") = "TransactionalBox.Sample.WebApi", "samples\TransactionalBox.Sample.WebApi\TransactionalBox.Sample.WebApi.csproj", "{0F2366C8-A646-4714-A884-3DE04348B45F}"
EndProject
Project("{9A19103F-16F7-4668-BE54-9A1E7A4F7556}") = "TransactionalBox.Sample.OutboxWithWorker", "samples\TransactionalBox.Sample.OutboxWithWorker\TransactionalBox.Sample.OutboxWithWorker.csproj", "{A59D7F0D-0631-438B-B022-56ACBD640E01}"
EndProject
Project("{9A19103F-16F7-4668-BE54-9A1E7A4F7556}") = "TransactionalBox.Sample.InboxWithWorker", "samples\TransactionalBox.Sample.InboxWithWorker\TransactionalBox.Sample.InboxWithWorker.csproj", "{26ECF009-798E-4AEA-B8B1-E11FEED33FB0}"
EndProject
Project("{E53339B2-1760-4266-BCC7-CA923CBCF16C}") = "TransactionalBoxWithWorkers", "samples\TransactionalBoxWithWorkers.dcproj", "{D89EDC24-3316-4A91-8442-6D1ABAFEDEBF}"
EndProject
Project("{9A19103F-16F7-4668-BE54-9A1E7A4F7556}") = "TransactionalBox.Sample.WebApi.InMemory", "samples\TransactionalBox.Sample.WebApi.InMemory\TransactionalBox.Sample.WebApi.InMemory.csproj", "{5C2EB157-F976-42F9-8B26-42A50898714C}"
EndProject
Project("{2150E333-8FDC-42A3-9474-1A3956D46DE8}") = "Internals", "Internals", "{9C70A8B9-322F-49D5-AF08-889B6BBB161C}"
EndProject
Project("{9A19103F-16F7-4668-BE54-9A1E7A4F7556}") = "TransactionalBox.Internals.EventHooks", "source\Internals\TransactionalBox.Internals.EventHooks\TransactionalBox.Internals.EventHooks.csproj", "{891F6713-08CE-4FCF-881C-BBA258C18C72}"
EndProject
Project("{9A19103F-16F7-4668-BE54-9A1E7A4F7556}") = "TransactionalBox.End2EndTests", "tests\TransactionalBox.End2EndTests\TransactionalBox.End2EndTests.csproj", "{06A55E8C-9D5B-4E12-B64B-EC59690818C9}"
EndProject
Project("{2150E333-8FDC-42A3-9474-1A3956D46DE8}") = "Bank", "Bank", "{6BB61EDF-B793-4CD2-94F5-9B11E131845E}"
EndProject
Project("{9A19103F-16F7-4668-BE54-9A1E7A4F7556}") = "TransactionalBox.CustomerRegistrations", "samples\Bank\TransactionalBox.CustomerRegistrations\TransactionalBox.CustomerRegistrations.csproj", "{580972A5-B9DC-49B0-8CFB-28412E3FC5C5}"
EndProject
Project("{9A19103F-16F7-4668-BE54-9A1E7A4F7556}") = "TransactionalBox.Loans", "samples\Bank\TransactionalBox.Loans\TransactionalBox.Loans.csproj", "{59E7EBB9-0175-4B44-B8D7-93508EDC6A96}"
EndProject
Project("{9A19103F-16F7-4668-BE54-9A1E7A4F7556}") = "TransactionalBox.BankAccounts", "samples\Bank\TransactionalBox.BankAccounts\TransactionalBox.BankAccounts.csproj", "{9920DE8A-DEE5-4474-B14F-A6D8EABD5429}"
EndProject
Project("{9A19103F-16F7-4668-BE54-9A1E7A4F7556}") = "TransactionalBox.Customers", "samples\Bank\TransactionalBox.Customers\TransactionalBox.Customers.csproj", "{E218EEDA-B387-4487-A438-4BF65FB624EB}"
EndProject
Project("{E53339B2-1760-4266-BCC7-CA923CBCF16C}") = "Bank", "samples\Bank\Bank.dcproj", "{AF9AEBE9-CEB7-490A-828E-2E9BA6B4400B}"
EndProject
Project("{2150E333-8FDC-42A3-9474-1A3956D46DE8}") = "Internals", "Internals", "{7D3D4C79-64C4-4A7D-9830-2EC9A958D1EC}"
EndProject
Project("{9A19103F-16F7-4668-BE54-9A1E7A4F7556}") = "BankLogger", "samples\Bank\Internals\BankLogger\BankLogger.csproj", "{E58031A4-3858-48EF-AFBF-1084B1994A12}"
EndProject
Project("{9A19103F-16F7-4668-BE54-9A1E7A4F7556}") = "TransactionalBox.EntityFrameworkCore", "source\TransactionalBox.EntityFrameworkCore\TransactionalBox.EntityFrameworkCore.csproj", "{AF0E19A1-6196-40C1-A6EF-1A6E588F57B1}"
EndProject
Project("{9A19103F-16F7-4668-BE54-9A1E7A4F7556}") = "TransactionalBox.Kafka", "source\TransactionalBox.Kafka\TransactionalBox.Kafka.csproj", "{136F85A2-600B-4831-8AAE-9DA6EFDFAA15}"
EndProject
Global
	GlobalSection(SolutionConfigurationPlatforms) = preSolution
		Debug|Any CPU = Debug|Any CPU
		Release|Any CPU = Release|Any CPU
	EndGlobalSection
	GlobalSection(ProjectConfigurationPlatforms) = postSolution
		{A736B4E9-B86A-4654-9525-4A4B2889E70F}.Debug|Any CPU.ActiveCfg = Debug|Any CPU
		{A736B4E9-B86A-4654-9525-4A4B2889E70F}.Debug|Any CPU.Build.0 = Debug|Any CPU
		{A736B4E9-B86A-4654-9525-4A4B2889E70F}.Release|Any CPU.ActiveCfg = Release|Any CPU
		{A736B4E9-B86A-4654-9525-4A4B2889E70F}.Release|Any CPU.Build.0 = Release|Any CPU
		{EB3E6211-3118-4D11-B108-F8508A0CD052}.Debug|Any CPU.ActiveCfg = Debug|Any CPU
		{EB3E6211-3118-4D11-B108-F8508A0CD052}.Debug|Any CPU.Build.0 = Debug|Any CPU
		{EB3E6211-3118-4D11-B108-F8508A0CD052}.Release|Any CPU.ActiveCfg = Release|Any CPU
		{EB3E6211-3118-4D11-B108-F8508A0CD052}.Release|Any CPU.Build.0 = Release|Any CPU
		{0F2366C8-A646-4714-A884-3DE04348B45F}.Debug|Any CPU.ActiveCfg = Debug|Any CPU
		{0F2366C8-A646-4714-A884-3DE04348B45F}.Debug|Any CPU.Build.0 = Debug|Any CPU
		{0F2366C8-A646-4714-A884-3DE04348B45F}.Release|Any CPU.ActiveCfg = Release|Any CPU
		{0F2366C8-A646-4714-A884-3DE04348B45F}.Release|Any CPU.Build.0 = Release|Any CPU
		{A59D7F0D-0631-438B-B022-56ACBD640E01}.Debug|Any CPU.ActiveCfg = Debug|Any CPU
		{A59D7F0D-0631-438B-B022-56ACBD640E01}.Debug|Any CPU.Build.0 = Debug|Any CPU
		{A59D7F0D-0631-438B-B022-56ACBD640E01}.Release|Any CPU.ActiveCfg = Release|Any CPU
		{A59D7F0D-0631-438B-B022-56ACBD640E01}.Release|Any CPU.Build.0 = Release|Any CPU
		{26ECF009-798E-4AEA-B8B1-E11FEED33FB0}.Debug|Any CPU.ActiveCfg = Debug|Any CPU
		{26ECF009-798E-4AEA-B8B1-E11FEED33FB0}.Debug|Any CPU.Build.0 = Debug|Any CPU
		{26ECF009-798E-4AEA-B8B1-E11FEED33FB0}.Release|Any CPU.ActiveCfg = Release|Any CPU
		{26ECF009-798E-4AEA-B8B1-E11FEED33FB0}.Release|Any CPU.Build.0 = Release|Any CPU
		{D89EDC24-3316-4A91-8442-6D1ABAFEDEBF}.Debug|Any CPU.ActiveCfg = Debug|Any CPU
		{D89EDC24-3316-4A91-8442-6D1ABAFEDEBF}.Debug|Any CPU.Build.0 = Debug|Any CPU
		{D89EDC24-3316-4A91-8442-6D1ABAFEDEBF}.Release|Any CPU.ActiveCfg = Release|Any CPU
		{D89EDC24-3316-4A91-8442-6D1ABAFEDEBF}.Release|Any CPU.Build.0 = Release|Any CPU
		{5C2EB157-F976-42F9-8B26-42A50898714C}.Debug|Any CPU.ActiveCfg = Debug|Any CPU
		{5C2EB157-F976-42F9-8B26-42A50898714C}.Debug|Any CPU.Build.0 = Debug|Any CPU
		{5C2EB157-F976-42F9-8B26-42A50898714C}.Release|Any CPU.ActiveCfg = Release|Any CPU
		{5C2EB157-F976-42F9-8B26-42A50898714C}.Release|Any CPU.Build.0 = Release|Any CPU
		{891F6713-08CE-4FCF-881C-BBA258C18C72}.Debug|Any CPU.ActiveCfg = Debug|Any CPU
		{891F6713-08CE-4FCF-881C-BBA258C18C72}.Debug|Any CPU.Build.0 = Debug|Any CPU
		{891F6713-08CE-4FCF-881C-BBA258C18C72}.Release|Any CPU.ActiveCfg = Release|Any CPU
		{891F6713-08CE-4FCF-881C-BBA258C18C72}.Release|Any CPU.Build.0 = Release|Any CPU
		{06A55E8C-9D5B-4E12-B64B-EC59690818C9}.Debug|Any CPU.ActiveCfg = Debug|Any CPU
		{06A55E8C-9D5B-4E12-B64B-EC59690818C9}.Debug|Any CPU.Build.0 = Debug|Any CPU
		{06A55E8C-9D5B-4E12-B64B-EC59690818C9}.Release|Any CPU.ActiveCfg = Release|Any CPU
		{06A55E8C-9D5B-4E12-B64B-EC59690818C9}.Release|Any CPU.Build.0 = Release|Any CPU
		{580972A5-B9DC-49B0-8CFB-28412E3FC5C5}.Debug|Any CPU.ActiveCfg = Debug|Any CPU
		{580972A5-B9DC-49B0-8CFB-28412E3FC5C5}.Debug|Any CPU.Build.0 = Debug|Any CPU
		{580972A5-B9DC-49B0-8CFB-28412E3FC5C5}.Release|Any CPU.ActiveCfg = Release|Any CPU
		{580972A5-B9DC-49B0-8CFB-28412E3FC5C5}.Release|Any CPU.Build.0 = Release|Any CPU
		{59E7EBB9-0175-4B44-B8D7-93508EDC6A96}.Debug|Any CPU.ActiveCfg = Debug|Any CPU
		{59E7EBB9-0175-4B44-B8D7-93508EDC6A96}.Debug|Any CPU.Build.0 = Debug|Any CPU
		{59E7EBB9-0175-4B44-B8D7-93508EDC6A96}.Release|Any CPU.ActiveCfg = Release|Any CPU
		{59E7EBB9-0175-4B44-B8D7-93508EDC6A96}.Release|Any CPU.Build.0 = Release|Any CPU
		{9920DE8A-DEE5-4474-B14F-A6D8EABD5429}.Debug|Any CPU.ActiveCfg = Debug|Any CPU
		{9920DE8A-DEE5-4474-B14F-A6D8EABD5429}.Debug|Any CPU.Build.0 = Debug|Any CPU
		{9920DE8A-DEE5-4474-B14F-A6D8EABD5429}.Release|Any CPU.ActiveCfg = Release|Any CPU
		{9920DE8A-DEE5-4474-B14F-A6D8EABD5429}.Release|Any CPU.Build.0 = Release|Any CPU
		{E218EEDA-B387-4487-A438-4BF65FB624EB}.Debug|Any CPU.ActiveCfg = Debug|Any CPU
		{E218EEDA-B387-4487-A438-4BF65FB624EB}.Debug|Any CPU.Build.0 = Debug|Any CPU
		{E218EEDA-B387-4487-A438-4BF65FB624EB}.Release|Any CPU.ActiveCfg = Release|Any CPU
		{E218EEDA-B387-4487-A438-4BF65FB624EB}.Release|Any CPU.Build.0 = Release|Any CPU
		{AF9AEBE9-CEB7-490A-828E-2E9BA6B4400B}.Debug|Any CPU.ActiveCfg = Debug|Any CPU
		{AF9AEBE9-CEB7-490A-828E-2E9BA6B4400B}.Debug|Any CPU.Build.0 = Debug|Any CPU
		{AF9AEBE9-CEB7-490A-828E-2E9BA6B4400B}.Release|Any CPU.ActiveCfg = Release|Any CPU
		{AF9AEBE9-CEB7-490A-828E-2E9BA6B4400B}.Release|Any CPU.Build.0 = Release|Any CPU
		{E58031A4-3858-48EF-AFBF-1084B1994A12}.Debug|Any CPU.ActiveCfg = Debug|Any CPU
		{E58031A4-3858-48EF-AFBF-1084B1994A12}.Debug|Any CPU.Build.0 = Debug|Any CPU
		{E58031A4-3858-48EF-AFBF-1084B1994A12}.Release|Any CPU.ActiveCfg = Release|Any CPU
		{E58031A4-3858-48EF-AFBF-1084B1994A12}.Release|Any CPU.Build.0 = Release|Any CPU
		{AF0E19A1-6196-40C1-A6EF-1A6E588F57B1}.Debug|Any CPU.ActiveCfg = Debug|Any CPU
		{AF0E19A1-6196-40C1-A6EF-1A6E588F57B1}.Debug|Any CPU.Build.0 = Debug|Any CPU
		{AF0E19A1-6196-40C1-A6EF-1A6E588F57B1}.Release|Any CPU.ActiveCfg = Release|Any CPU
		{AF0E19A1-6196-40C1-A6EF-1A6E588F57B1}.Release|Any CPU.Build.0 = Release|Any CPU
		{136F85A2-600B-4831-8AAE-9DA6EFDFAA15}.Debug|Any CPU.ActiveCfg = Debug|Any CPU
		{136F85A2-600B-4831-8AAE-9DA6EFDFAA15}.Debug|Any CPU.Build.0 = Debug|Any CPU
		{136F85A2-600B-4831-8AAE-9DA6EFDFAA15}.Release|Any CPU.ActiveCfg = Release|Any CPU
		{136F85A2-600B-4831-8AAE-9DA6EFDFAA15}.Release|Any CPU.Build.0 = Release|Any CPU
	EndGlobalSection
	GlobalSection(SolutionProperties) = preSolution
		HideSolutionNode = FALSE
	EndGlobalSection
	GlobalSection(NestedProjects) = preSolution
		{A736B4E9-B86A-4654-9525-4A4B2889E70F} = {8FC46C4A-3C0C-458F-ACF5-F35F728A2988}
		{EB3E6211-3118-4D11-B108-F8508A0CD052} = {6DEFBC37-33F1-4E42-9A7E-2752E9AD3187}
		{0F2366C8-A646-4714-A884-3DE04348B45F} = {D018E603-5AE9-4B1B-BF33-04EB0B5D6913}
		{A59D7F0D-0631-438B-B022-56ACBD640E01} = {D018E603-5AE9-4B1B-BF33-04EB0B5D6913}
		{26ECF009-798E-4AEA-B8B1-E11FEED33FB0} = {D018E603-5AE9-4B1B-BF33-04EB0B5D6913}
		{D89EDC24-3316-4A91-8442-6D1ABAFEDEBF} = {D018E603-5AE9-4B1B-BF33-04EB0B5D6913}
		{5C2EB157-F976-42F9-8B26-42A50898714C} = {D018E603-5AE9-4B1B-BF33-04EB0B5D6913}
		{9C70A8B9-322F-49D5-AF08-889B6BBB161C} = {8FC46C4A-3C0C-458F-ACF5-F35F728A2988}
		{891F6713-08CE-4FCF-881C-BBA258C18C72} = {9C70A8B9-322F-49D5-AF08-889B6BBB161C}
		{06A55E8C-9D5B-4E12-B64B-EC59690818C9} = {6DEFBC37-33F1-4E42-9A7E-2752E9AD3187}
		{6BB61EDF-B793-4CD2-94F5-9B11E131845E} = {D018E603-5AE9-4B1B-BF33-04EB0B5D6913}
		{580972A5-B9DC-49B0-8CFB-28412E3FC5C5} = {6BB61EDF-B793-4CD2-94F5-9B11E131845E}
		{59E7EBB9-0175-4B44-B8D7-93508EDC6A96} = {6BB61EDF-B793-4CD2-94F5-9B11E131845E}
		{9920DE8A-DEE5-4474-B14F-A6D8EABD5429} = {6BB61EDF-B793-4CD2-94F5-9B11E131845E}
		{E218EEDA-B387-4487-A438-4BF65FB624EB} = {6BB61EDF-B793-4CD2-94F5-9B11E131845E}
		{AF9AEBE9-CEB7-490A-828E-2E9BA6B4400B} = {6BB61EDF-B793-4CD2-94F5-9B11E131845E}
		{7D3D4C79-64C4-4A7D-9830-2EC9A958D1EC} = {6BB61EDF-B793-4CD2-94F5-9B11E131845E}
		{E58031A4-3858-48EF-AFBF-1084B1994A12} = {7D3D4C79-64C4-4A7D-9830-2EC9A958D1EC}
		{AF0E19A1-6196-40C1-A6EF-1A6E588F57B1} = {8FC46C4A-3C0C-458F-ACF5-F35F728A2988}
		{136F85A2-600B-4831-8AAE-9DA6EFDFAA15} = {8FC46C4A-3C0C-458F-ACF5-F35F728A2988}
	EndGlobalSection
	GlobalSection(ExtensibilityGlobals) = postSolution
		SolutionGuid = {2D01E2B0-80D8-4BCE-BE98-29AC821F4F2B}
	EndGlobalSection
EndGlobal
